
Microsoft Visual Studio Solution File, Format Version 12.00
# Visual Studio Version 17
VisualStudioVersion = 17.1.32328.378
MinimumVisualStudioVersion = 10.0.40219.1
Project("{9A19103F-16F7-4668-BE54-9A1E7A4F7556}") = "Acp.NewDay.DiamondKata.UnitTests", "Acp.NewDay.DiamondKata.UnitTests\Acp.NewDay.DiamondKata.UnitTests.csproj", "{E1CADF2A-B2E2-4ECC-B5CE-E52EFD159060}"
EndProject
Project("{9A19103F-16F7-4668-BE54-9A1E7A4F7556}") = "Acp.NewDay.DiamondKata", "Acp.NewDay.DiamondKata\Acp.NewDay.DiamondKata.csproj", "{A6AEE205-F075-4698-B372-08D0BA2DA895}"
EndProject
Project("{2150E333-8FDC-42A3-9474-1A3956D46DE8}") = "config", "config", "{07DA3A79-154C-4BF8-AB14-FBFFB202BE61}"
	ProjectSection(SolutionItems) = preProject
		.editorconfig = .editorconfig
		.gitignore = .gitignore
		common.targets = common.targets
		global.json = global.json
		README.md = README.md
	EndProjectSection
EndProject
Project("{FAE04EC0-301F-11D3-BF4B-00C04F79EFBC}") = "Acp.NewDay.DiamondKata.CLI", "Acp.NewDay.DiamondKata.Console\Acp.NewDay.DiamondKata.CLI.csproj", "{888C03FE-222F-4A36-BA79-532361243260}"
EndProject
Global
	GlobalSection(SolutionConfigurationPlatforms) = preSolution
		Debug|Any CPU = Debug|Any CPU
		Release|Any CPU = Release|Any CPU
	EndGlobalSection
	GlobalSection(ProjectConfigurationPlatforms) = postSolution
		{E1CADF2A-B2E2-4ECC-B5CE-E52EFD159060}.Debug|Any CPU.ActiveCfg = Debug|Any CPU
		{E1CADF2A-B2E2-4ECC-B5CE-E52EFD159060}.Debug|Any CPU.Build.0 = Debug|Any CPU
		{E1CADF2A-B2E2-4ECC-B5CE-E52EFD159060}.Release|Any CPU.ActiveCfg = Release|Any CPU
		{E1CADF2A-B2E2-4ECC-B5CE-E52EFD159060}.Release|Any CPU.Build.0 = Release|Any CPU
		{A6AEE205-F075-4698-B372-08D0BA2DA895}.Debug|Any CPU.ActiveCfg = Debug|Any CPU
		{A6AEE205-F075-4698-B372-08D0BA2DA895}.Debug|Any CPU.Build.0 = Debug|Any CPU
		{A6AEE205-F075-4698-B372-08D0BA2DA895}.Release|Any CPU.ActiveCfg = Release|Any CPU
		{A6AEE205-F075-4698-B372-08D0BA2DA895}.Release|Any CPU.Build.0 = Release|Any CPU
		{888C03FE-222F-4A36-BA79-532361243260}.Debug|Any CPU.ActiveCfg = Debug|Any CPU
		{888C03FE-222F-4A36-BA79-532361243260}.Debug|Any CPU.Build.0 = Debug|Any CPU
		{888C03FE-222F-4A36-BA79-532361243260}.Release|Any CPU.ActiveCfg = Release|Any CPU
		{888C03FE-222F-4A36-BA79-532361243260}.Release|Any CPU.Build.0 = Release|Any CPU
	EndGlobalSection
	GlobalSection(SolutionProperties) = preSolution
		HideSolutionNode = FALSE
	EndGlobalSection
	GlobalSection(ExtensibilityGlobals) = postSolution
		SolutionGuid = {AC39B722-16C6-4D13-A920-DE6F589401A0}
	EndGlobalSection
EndGlobal
